// !$*UTF8*$!
{
	archiveVersion = 1;
	classes = {
	};
	objectVersion = 46;
	objects = {

/* Begin PBXBuildFile section */
		4894CC1F150F45DD0069AADD /* UIKit.framework in Frameworks */ = {isa = PBXBuildFile; fileRef = 4894CC1E150F45DD0069AADD /* UIKit.framework */; };
		4894CC21150F45DD0069AADD /* Foundation.framework in Frameworks */ = {isa = PBXBuildFile; fileRef = 4894CC20150F45DD0069AADD /* Foundation.framework */; };
		4894CC23150F45DD0069AADD /* CoreGraphics.framework in Frameworks */ = {isa = PBXBuildFile; fileRef = 4894CC22150F45DD0069AADD /* CoreGraphics.framework */; };
		4894CC2B150F45DD0069AADD /* main.m in Sources */ = {isa = PBXBuildFile; fileRef = 4894CC2A150F45DD0069AADD /* main.m */; };
		F0AED1721511C3FD00E578CC /* README.md in Resources */ = {isa = PBXBuildFile; fileRef = F0AED16F1511C3FD00E578CC /* README.md */; };
		F0AED1731511C3FD00E578CC /* UDTableView.m in Sources */ = {isa = PBXBuildFile; fileRef = F0AED1711511C3FD00E578CC /* UDTableView.m */; };
		F0AED1801511C58A00E578CC /* AppDelegate.m in Sources */ = {isa = PBXBuildFile; fileRef = F0AED17A1511C58A00E578CC /* AppDelegate.m */; };
		F0AED1811511C58A00E578CC /* YIViewController.m in Sources */ = {isa = PBXBuildFile; fileRef = F0AED17D1511C58A00E578CC /* YIViewController.m */; };
/* End PBXBuildFile section */

/* Begin PBXFileReference section */
		4894CC1A150F45DD0069AADD /* UDTableViewDemo.app */ = {isa = PBXFileReference; explicitFileType = wrapper.application; includeInIndex = 0; path = UDTableViewDemo.app; sourceTree = BUILT_PRODUCTS_DIR; };
		4894CC1E150F45DD0069AADD /* UIKit.framework */ = {isa = PBXFileReference; lastKnownFileType = wrapper.framework; name = UIKit.framework; path = System/Library/Frameworks/UIKit.framework; sourceTree = SDKROOT; };
		4894CC20150F45DD0069AADD /* Foundation.framework */ = {isa = PBXFileReference; lastKnownFileType = wrapper.framework; name = Foundation.framework; path = System/Library/Frameworks/Foundation.framework; sourceTree = SDKROOT; };
		4894CC22150F45DD0069AADD /* CoreGraphics.framework */ = {isa = PBXFileReference; lastKnownFileType = wrapper.framework; name = CoreGraphics.framework; path = System/Library/Frameworks/CoreGraphics.framework; sourceTree = SDKROOT; };
		4894CC2A150F45DD0069AADD /* main.m */ = {isa = PBXFileReference; lastKnownFileType = sourcecode.c.objc; path = main.m; sourceTree = "<group>"; };
		4894CC2C150F45DD0069AADD /* Prefix.pch */ = {isa = PBXFileReference; lastKnownFileType = sourcecode.c.h; path = Prefix.pch; sourceTree = "<group>"; };
		F0AED16F1511C3FD00E578CC /* README.md */ = {isa = PBXFileReference; fileEncoding = 4; lastKnownFileType = text; name = README.md; path = ../README.md; sourceTree = "<group>"; };
		F0AED1701511C3FD00E578CC /* UDTableView.h */ = {isa = PBXFileReference; fileEncoding = 4; lastKnownFileType = sourcecode.c.h; name = UDTableView.h; path = ../UDTableView.h; sourceTree = "<group>"; };
		F0AED1711511C3FD00E578CC /* UDTableView.m */ = {isa = PBXFileReference; fileEncoding = 4; lastKnownFileType = sourcecode.c.objc; name = UDTableView.m; path = ../UDTableView.m; sourceTree = "<group>"; };
		F0AED1791511C58A00E578CC /* AppDelegate.h */ = {isa = PBXFileReference; fileEncoding = 4; lastKnownFileType = sourcecode.c.h; path = AppDelegate.h; sourceTree = "<group>"; };
		F0AED17A1511C58A00E578CC /* AppDelegate.m */ = {isa = PBXFileReference; fileEncoding = 4; lastKnownFileType = sourcecode.c.objc; path = AppDelegate.m; sourceTree = "<group>"; };
		F0AED17C1511C58A00E578CC /* YIViewController.h */ = {isa = PBXFileReference; fileEncoding = 4; path = YIViewController.h; sourceTree = "<group>"; };
		F0AED17D1511C58A00E578CC /* YIViewController.m */ = {isa = PBXFileReference; fileEncoding = 4; lastKnownFileType = sourcecode.c.objc; path = YIViewController.m; sourceTree = "<group>"; };
		F0AED17F1511C58A00E578CC /* Info.plist */ = {isa = PBXFileReference; fileEncoding = 4; lastKnownFileType = text.plist.xml; path = Info.plist; sourceTree = "<group>"; };
/* End PBXFileReference section */

/* Begin PBXFrameworksBuildPhase section */
		4894CC17150F45DD0069AADD /* Frameworks */ = {
			isa = PBXFrameworksBuildPhase;
			buildActionMask = 2147483647;
			files = (
				4894CC1F150F45DD0069AADD /* UIKit.framework in Frameworks */,
				4894CC21150F45DD0069AADD /* Foundation.framework in Frameworks */,
				4894CC23150F45DD0069AADD /* CoreGraphics.framework in Frameworks */,
			);
			runOnlyForDeploymentPostprocessing = 0;
		};
/* End PBXFrameworksBuildPhase section */

/* Begin PBXGroup section */
		4894CC0F150F45DD0069AADD = {
			isa = PBXGroup;
			children = (
				F0AED1781511C58A00E578CC /* Classes */,
				F0AED17E1511C58A00E578CC /* Resources */,
				4894CC25150F45DD0069AADD /* Supporting Files */,
				4894CC1D150F45DD0069AADD /* Frameworks */,
				4894CC1B150F45DD0069AADD /* Products */,
			);
			sourceTree = "<group>";
		};
		4894CC1B150F45DD0069AADD /* Products */ = {
			isa = PBXGroup;
			children = (
				4894CC1A150F45DD0069AADD /* UDTableViewDemo.app */,
			);
			name = Products;
			sourceTree = "<group>";
		};
		4894CC1D150F45DD0069AADD /* Frameworks */ = {
			isa = PBXGroup;
			children = (
				4894CC1E150F45DD0069AADD /* UIKit.framework */,
				4894CC20150F45DD0069AADD /* Foundation.framework */,
				4894CC22150F45DD0069AADD /* CoreGraphics.framework */,
			);
			name = Frameworks;
			sourceTree = "<group>";
		};
		4894CC25150F45DD0069AADD /* Supporting Files */ = {
			isa = PBXGroup;
			children = (
				4894CC2A150F45DD0069AADD /* main.m */,
				4894CC2C150F45DD0069AADD /* Prefix.pch */,
			);
			name = "Supporting Files";
			path = UDTableViewDemo;
			sourceTree = "<group>";
		};
		F0AED16E1511C3EF00E578CC /* UDTableView */ = {
			isa = PBXGroup;
			children = (
				F0AED16F1511C3FD00E578CC /* README.md */,
				F0AED1701511C3FD00E578CC /* UDTableView.h */,
				F0AED1711511C3FD00E578CC /* UDTableView.m */,
			);
			name = UDTableView;
			path = ../..;
			sourceTree = "<group>";
		};
		F0AED1781511C58A00E578CC /* Classes */ = {
			isa = PBXGroup;
			children = (
				F0AED16E1511C3EF00E578CC /* UDTableView */,
				F0AED17B1511C58A00E578CC /* Controller */,
				F0AED1791511C58A00E578CC /* AppDelegate.h */,
				F0AED17A1511C58A00E578CC /* AppDelegate.m */,
			);
			name = Classes;
			path = UDTableViewDemo/Classes;
			sourceTree = "<group>";
		};
		F0AED17B1511C58A00E578CC /* Controller */ = {
			isa = PBXGroup;
			children = (
				F0AED17C1511C58A00E578CC /* YIViewController.h */,
				F0AED17D1511C58A00E578CC /* YIViewController.m */,
			);
			path = Controller;
			sourceTree = "<group>";
		};
		F0AED17E1511C58A00E578CC /* Resources */ = {
			isa = PBXGroup;
			children = (
				F0AED17F1511C58A00E578CC /* Info.plist */,
			);
			name = Resources;
			path = UDTableViewDemo/Resources;
			sourceTree = "<group>";
		};
/* End PBXGroup section */

/* Begin PBXNativeTarget section */
		4894CC19150F45DD0069AADD /* UDTableViewDemo */ = {
			isa = PBXNativeTarget;
			buildConfigurationList = 4894CC38150F45DD0069AADD /* Build configuration list for PBXNativeTarget "UDTableViewDemo" */;
			buildPhases = (
				4894CC16150F45DD0069AADD /* Sources */,
				4894CC17150F45DD0069AADD /* Frameworks */,
				4894CC18150F45DD0069AADD /* Resources */,
			);
			buildRules = (
			);
			dependencies = (
			);
			name = UDTableViewDemo;
			productName = UDTableViewDemo;
			productReference = 4894CC1A150F45DD0069AADD /* UDTableViewDemo.app */;
			productType = "com.apple.product-type.application";
		};
/* End PBXNativeTarget section */

/* Begin PBXProject section */
		4894CC11150F45DD0069AADD /* Project object */ = {
			isa = PBXProject;
			attributes = {
				LastUpgradeCheck = 0420;
				ORGANIZATIONNAME = "NHN Japan";
			};
			buildConfigurationList = 4894CC14150F45DD0069AADD /* Build configuration list for PBXProject "UDTableViewDemo" */;
			compatibilityVersion = "Xcode 3.2";
			developmentRegion = English;
			hasScannedForEncodings = 0;
			knownRegions = (
				en,
			);
			mainGroup = 4894CC0F150F45DD0069AADD;
			productRefGroup = 4894CC1B150F45DD0069AADD /* Products */;
			projectDirPath = "";
			projectRoot = "";
			targets = (
				4894CC19150F45DD0069AADD /* UDTableViewDemo */,
			);
		};
/* End PBXProject section */

/* Begin PBXResourcesBuildPhase section */
		4894CC18150F45DD0069AADD /* Resources */ = {
			isa = PBXResourcesBuildPhase;
			buildActionMask = 2147483647;
			files = (
				F0AED1721511C3FD00E578CC /* README.md in Resources */,
			);
			runOnlyForDeploymentPostprocessing = 0;
		};
/* End PBXResourcesBuildPhase section */

/* Begin PBXSourcesBuildPhase section */
		4894CC16150F45DD0069AADD /* Sources */ = {
			isa = PBXSourcesBuildPhase;
			buildActionMask = 2147483647;
			files = (
				4894CC2B150F45DD0069AADD /* main.m in Sources */,
				F0AED1731511C3FD00E578CC /* UDTableView.m in Sources */,
				F0AED1801511C58A00E578CC /* AppDelegate.m in Sources */,
				F0AED1811511C58A00E578CC /* YIViewController.m in Sources */,
			);
			runOnlyForDeploymentPostprocessing = 0;
		};
/* End PBXSourcesBuildPhase section */

/* Begin XCBuildConfiguration section */
		4894CC36150F45DD0069AADD /* Debug */ = {
			isa = XCBuildConfiguration;
			buildSettings = {
				ALWAYS_SEARCH_USER_PATHS = NO;
				ARCHS = "$(ARCHS_STANDARD_32_BIT)";
				CODE_SIGN_IDENTITY = "iPhone Developer";
				COPY_PHASE_STRIP = NO;
				GCC_C_LANGUAGE_STANDARD = gnu99;
				GCC_DYNAMIC_NO_PIC = NO;
				GCC_OPTIMIZATION_LEVEL = 0;
				GCC_PREPROCESSOR_DEFINITIONS = (
					"DEBUG=1",
					"$(inherited)",
				);
				GCC_SYMBOLS_PRIVATE_EXTERN = NO;
				GCC_TREAT_IMPLICIT_FUNCTION_DECLARATIONS_AS_ERRORS = YES;
				GCC_VERSION = com.apple.compilers.llvm.clang.1_0;
				GCC_WARN_64_TO_32_BIT_CONVERSION = YES;
				GCC_WARN_ABOUT_MISSING_FIELD_INITIALIZERS = YES;
				GCC_WARN_ABOUT_MISSING_PROTOTYPES = YES;
				GCC_WARN_ABOUT_RETURN_TYPE = YES;
				GCC_WARN_FOUR_CHARACTER_CONSTANTS = YES;
				GCC_WARN_HIDDEN_VIRTUAL_FUNCTIONS = YES;
				GCC_WARN_INITIALIZER_NOT_FULLY_BRACKETED = YES;
				GCC_WARN_NON_VIRTUAL_DESTRUCTOR = YES;
				GCC_WARN_SIGN_COMPARE = YES;
				GCC_WARN_UNDECLARED_SELECTOR = YES;
				GCC_WARN_UNINITIALIZED_AUTOS = YES;
				GCC_WARN_UNKNOWN_PRAGMAS = YES;
				GCC_WARN_UNUSED_LABEL = YES;
				GCC_WARN_UNUSED_VARIABLE = YES;
				IPHONEOS_DEPLOYMENT_TARGET = 3.0;
				PROVISIONING_PROFILE = "";
				SDKROOT = iphoneos;
			};
			name = Debug;
		};
		4894CC37150F45DD0069AADD /* Release */ = {
			isa = XCBuildConfiguration;
			buildSettings = {
				ALWAYS_SEARCH_USER_PATHS = NO;
				ARCHS = "$(ARCHS_STANDARD_32_BIT)";
				CODE_SIGN_IDENTITY = "iPhone Distribution";
				COPY_PHASE_STRIP = YES;
				GCC_C_LANGUAGE_STANDARD = gnu99;
				GCC_TREAT_IMPLICIT_FUNCTION_DECLARATIONS_AS_ERRORS = YES;
				GCC_VERSION = com.apple.compilers.llvm.clang.1_0;
				GCC_WARN_64_TO_32_BIT_CONVERSION = YES;
				GCC_WARN_ABOUT_MISSING_FIELD_INITIALIZERS = YES;
				GCC_WARN_ABOUT_MISSING_PROTOTYPES = YES;
				GCC_WARN_ABOUT_RETURN_TYPE = YES;
				GCC_WARN_FOUR_CHARACTER_CONSTANTS = YES;
				GCC_WARN_HIDDEN_VIRTUAL_FUNCTIONS = YES;
				GCC_WARN_INITIALIZER_NOT_FULLY_BRACKETED = YES;
				GCC_WARN_NON_VIRTUAL_DESTRUCTOR = YES;
				GCC_WARN_SIGN_COMPARE = YES;
				GCC_WARN_UNDECLARED_SELECTOR = YES;
				GCC_WARN_UNINITIALIZED_AUTOS = YES;
				GCC_WARN_UNKNOWN_PRAGMAS = YES;
				GCC_WARN_UNUSED_LABEL = YES;
				GCC_WARN_UNUSED_VARIABLE = YES;
				IPHONEOS_DEPLOYMENT_TARGET = 3.0;
				OTHER_CFLAGS = "-DNS_BLOCK_ASSERTIONS=1";
				PROVISIONING_PROFILE = "";
				SDKROOT = iphoneos;
				VALIDATE_PRODUCT = YES;
			};
			name = Release;
		};
		4894CC39150F45DD0069AADD /* Debug */ = {
			isa = XCBuildConfiguration;
			buildSettings = {
				GCC_PRECOMPILE_PREFIX_HEADER = YES;
				GCC_PREFIX_HEADER = UDTableViewDemo/Prefix.pch;
				INFOPLIST_FILE = UDTableViewDemo/Resources/Info.plist;
				PRODUCT_NAME = "$(TARGET_NAME)";
				WRAPPER_EXTENSION = app;
			};
			name = Debug;
		};
		4894CC3A150F45DD0069AADD /* Release */ = {
			isa = XCBuildConfiguration;
			buildSettings = {
				GCC_PRECOMPILE_PREFIX_HEADER = YES;
				GCC_PREFIX_HEADER = UDTableViewDemo/Prefix.pch;
				INFOPLIST_FILE = UDTableViewDemo/Resources/Info.plist;
				PRODUCT_NAME = "$(TARGET_NAME)";
				WRAPPER_EXTENSION = app;
			};
			name = Release;
		};
/* End XCBuildConfiguration section */

/* Begin XCConfigurationList section */
		4894CC14150F45DD0069AADD /* Build configuration list for PBXProject "UDTableViewDemo" */ = {
			isa = XCConfigurationList;
			buildConfigurations = (
				4894CC36150F45DD0069AADD /* Debug */,
				4894CC37150F45DD0069AADD /* Release */,
			);
			defaultConfigurationIsVisible = 0;
			defaultConfigurationName = Release;
		};
		4894CC38150F45DD0069AADD /* Build configuration list for PBXNativeTarget "UDTableViewDemo" */ = {
			isa = XCConfigurationList;
			buildConfigurations = (
				4894CC39150F45DD0069AADD /* Debug */,
				4894CC3A150F45DD0069AADD /* Release */,
			);
			defaultConfigurationIsVisible = 0;
			defaultConfigurationName = Release;
		};
/* End XCConfigurationList section */
	};
	rootObject = 4894CC11150F45DD0069AADD /* Project object */;
}
